PODS:
  - IQKeyboardManagerSwift (6.5.5)
  - Realm (5.0.1):
    - Realm/Headers (= 5.0.1)
  - Realm/Headers (5.0.1)
  - RealmSwift (5.0.1):
    - Realm (= 5.0.1)

DEPENDENCIES:
  - IQKeyboardManagerSwift
  - RealmSwift

SPEC REPOS:
  trunk:
    - IQKeyboardManagerSwift
    - Realm
    - RealmSwift

SPEC CHECKSUMS:
  IQKeyboardManagerSwift: 0fb93310284665245591f50f7a5e38de615960b7
  Realm: d36cfc336d76d2e15b13651beb6050f49354de4b
  RealmSwift: f29ae0ceaf4fbaf4803c40bbebd838ea2beb903a

PODFILE CHECKSUM: d17769bde2ca3d9aa1ab653f21363fe1e6054cc6

COCOAPODS: 1.9.0
