// !$*UTF8*$!
{
	archiveVersion = 1;
	classes = {
	};
	objectVersion = 51;
	objects = {

/* Begin PBXBuildFile section */
		0420453C248DB9BE00DAED78 /* AppDelegate.swift in Sources */ = {isa = PBXBuildFile; fileRef = 0420453B248DB9BE00DAED78 /* AppDelegate.swift */; };
		0420453E248DB9BE00DAED78 /* SceneDelegate.swift in Sources */ = {isa = PBXBuildFile; fileRef = 0420453D248DB9BE00DAED78 /* SceneDelegate.swift */; };
		04204543248DB9BE00DAED78 /* Main.storyboard in Resources */ = {isa = PBXBuildFile; fileRef = 04204541248DB9BE00DAED78 /* Main.storyboard */; };
		04204545248DB9BF00DAED78 /* Assets.xcassets in Resources */ = {isa = PBXBuildFile; fileRef = 04204544248DB9BF00DAED78 /* Assets.xcassets */; };
		04204548248DB9BF00DAED78 /* LaunchScreen.storyboard in Resources */ = {isa = PBXBuildFile; fileRef = 04204546248DB9BF00DAED78 /* LaunchScreen.storyboard */; };
		043C1B6C248DDCFA0059C6C5 /* NoteTableViewCell.swift in Sources */ = {isa = PBXBuildFile; fileRef = 043C1B6B248DDCFA0059C6C5 /* NoteTableViewCell.swift */; };
		043C1B6E248DDD580059C6C5 /* NoteViewController.swift in Sources */ = {isa = PBXBuildFile; fileRef = 043C1B6D248DDD580059C6C5 /* NoteViewController.swift */; };
		043C1B70248DDD9B0059C6C5 /* Constants.swift in Sources */ = {isa = PBXBuildFile; fileRef = 043C1B6F248DDD9B0059C6C5 /* Constants.swift */; };
		043C1B73248DFF0B0059C6C5 /* TextViewViewController.swift in Sources */ = {isa = PBXBuildFile; fileRef = 043C1B72248DFF0B0059C6C5 /* TextViewViewController.swift */; };
		043C1B75248E00B60059C6C5 /* Note.swift in Sources */ = {isa = PBXBuildFile; fileRef = 043C1B74248E00B60059C6C5 /* Note.swift */; };
		043C1B77248E1C660059C6C5 /* RecordViewController.swift in Sources */ = {isa = PBXBuildFile; fileRef = 043C1B76248E1C660059C6C5 /* RecordViewController.swift */; };
		043C1B79248E1DE00059C6C5 /* ContainerViewController.swift in Sources */ = {isa = PBXBuildFile; fileRef = 043C1B78248E1DE00059C6C5 /* ContainerViewController.swift */; };
		043C1B7B248E1F9A0059C6C5 /* RecordTableViewCell.swift in Sources */ = {isa = PBXBuildFile; fileRef = 043C1B7A248E1F9A0059C6C5 /* RecordTableViewCell.swift */; };
		043C1B7D248E25980059C6C5 /* Record.swift in Sources */ = {isa = PBXBuildFile; fileRef = 043C1B7C248E25980059C6C5 /* Record.swift */; };
		043C1B7F248E27440059C6C5 /* UIView+AddBorder.swift in Sources */ = {isa = PBXBuildFile; fileRef = 043C1B7E248E27440059C6C5 /* UIView+AddBorder.swift */; };
		043C1B81248F45CF0059C6C5 /* RecordFormViewController.swift in Sources */ = {isa = PBXBuildFile; fileRef = 043C1B80248F45CF0059C6C5 /* RecordFormViewController.swift */; };
		043C1B83248F45E60059C6C5 /* SelectFighterViewController.swift in Sources */ = {isa = PBXBuildFile; fileRef = 043C1B82248F45E60059C6C5 /* SelectFighterViewController.swift */; };
		0458732D2491F641006FABF4 /* TabbarViewController.swift in Sources */ = {isa = PBXBuildFile; fileRef = 0458732C2491F641006FABF4 /* TabbarViewController.swift */; };
		049F86132491A647000F0EC3 /* AnalyzeTableViewCell.swift in Sources */ = {isa = PBXBuildFile; fileRef = 049F86122491A647000F0EC3 /* AnalyzeTableViewCell.swift */; };
		04A33DD624906192003DBA48 /* PageViewController.swift in Sources */ = {isa = PBXBuildFile; fileRef = 04A33DD524906192003DBA48 /* PageViewController.swift */; };
		04A33DD8249061BE003DBA48 /* TopViewController.swift in Sources */ = {isa = PBXBuildFile; fileRef = 04A33DD7249061BE003DBA48 /* TopViewController.swift */; };
		04A33DDA249061E1003DBA48 /* AnalyzeOwnViewController.swift in Sources */ = {isa = PBXBuildFile; fileRef = 04A33DD9249061E1003DBA48 /* AnalyzeOwnViewController.swift */; };
		04A33DDC249061E9003DBA48 /* AnalyzeOpponentViewController.swift in Sources */ = {isa = PBXBuildFile; fileRef = 04A33DDB249061E9003DBA48 /* AnalyzeOpponentViewController.swift */; };
		04A33DDE249061F3003DBA48 /* AnalyzeStageViewController.swift in Sources */ = {isa = PBXBuildFile; fileRef = 04A33DDD249061F3003DBA48 /* AnalyzeStageViewController.swift */; };
		04A33DE2249066FD003DBA48 /* AnalyzeByMyFighter.swift in Sources */ = {isa = PBXBuildFile; fileRef = 04A33DE1249066FD003DBA48 /* AnalyzeByMyFighter.swift */; };
		04A33DE424906708003DBA48 /* AnalyzeByOpponentFighter.swift in Sources */ = {isa = PBXBuildFile; fileRef = 04A33DE324906708003DBA48 /* AnalyzeByOpponentFighter.swift */; };
		04A33DE624906723003DBA48 /* AnalyzeByStage.swift in Sources */ = {isa = PBXBuildFile; fileRef = 04A33DE524906723003DBA48 /* AnalyzeByStage.swift */; };
		04A33DE8249067DB003DBA48 /* Analzye.swift in Sources */ = {isa = PBXBuildFile; fileRef = 04A33DE7249067DB003DBA48 /* Analzye.swift */; };
		04B0807C248F48C000C7AA22 /* ToggleButton.swift in Sources */ = {isa = PBXBuildFile; fileRef = 04B0807B248F48C000C7AA22 /* ToggleButton.swift */; };
		F61700FD0060FD0C27CC7B60 /* Pods_SmashRecords.framework in Frameworks */ = {isa = PBXBuildFile; fileRef = 41E499C1802254A7930DA157 /* Pods_SmashRecords.framework */; };
/* End PBXBuildFile section */

/* Begin PBXFileReference section */
		04204538248DB9BE00DAED78 /* SmashRecords.app */ = {isa = PBXFileReference; explicitFileType = wrapper.application; includeInIndex = 0; path = SmashRecords.app; sourceTree = BUILT_PRODUCTS_DIR; };
		0420453B248DB9BE00DAED78 /* AppDelegate.swift */ = {isa = PBXFileReference; lastKnownFileType = sourcecode.swift; path = AppDelegate.swift; sourceTree = "<group>"; };
		0420453D248DB9BE00DAED78 /* SceneDelegate.swift */ = {isa = PBXFileReference; lastKnownFileType = sourcecode.swift; path = SceneDelegate.swift; sourceTree = "<group>"; };
		04204542248DB9BE00DAED78 /* Base */ = {isa = PBXFileReference; lastKnownFileType = file.storyboard; name = Base; path = Base.lproj/Main.storyboard; sourceTree = "<group>"; };
		04204544248DB9BF00DAED78 /* Assets.xcassets */ = {isa = PBXFileReference; lastKnownFileType = folder.assetcatalog; path = Assets.xcassets; sourceTree = "<group>"; };
		04204547248DB9BF00DAED78 /* Base */ = {isa = PBXFileReference; lastKnownFileType = file.storyboard; name = Base; path = Base.lproj/LaunchScreen.storyboard; sourceTree = "<group>"; };
		04204549248DB9BF00DAED78 /* Info.plist */ = {isa = PBXFileReference; lastKnownFileType = text.plist.xml; path = Info.plist; sourceTree = "<group>"; };
		043C1B6B248DDCFA0059C6C5 /* NoteTableViewCell.swift */ = {isa = PBXFileReference; lastKnownFileType = sourcecode.swift; path = NoteTableViewCell.swift; sourceTree = "<group>"; };
		043C1B6D248DDD580059C6C5 /* NoteViewController.swift */ = {isa = PBXFileReference; lastKnownFileType = sourcecode.swift; path = NoteViewController.swift; sourceTree = "<group>"; };
		043C1B6F248DDD9B0059C6C5 /* Constants.swift */ = {isa = PBXFileReference; lastKnownFileType = sourcecode.swift; path = Constants.swift; sourceTree = "<group>"; };
		043C1B72248DFF0B0059C6C5 /* TextViewViewController.swift */ = {isa = PBXFileReference; lastKnownFileType = sourcecode.swift; path = TextViewViewController.swift; sourceTree = "<group>"; };
		043C1B74248E00B60059C6C5 /* Note.swift */ = {isa = PBXFileReference; lastKnownFileType = sourcecode.swift; name = Note.swift; path = SmashRecords/Controllers/Note.swift; sourceTree = SOURCE_ROOT; };
		043C1B76248E1C660059C6C5 /* RecordViewController.swift */ = {isa = PBXFileReference; lastKnownFileType = sourcecode.swift; name = RecordViewController.swift; path = SmashRecords/Views/RecordViewController.swift; sourceTree = SOURCE_ROOT; };
		043C1B78248E1DE00059C6C5 /* ContainerViewController.swift */ = {isa = PBXFileReference; lastKnownFileType = sourcecode.swift; name = ContainerViewController.swift; path = SmashRecords/Views/ContainerViewController.swift; sourceTree = SOURCE_ROOT; };
		043C1B7A248E1F9A0059C6C5 /* RecordTableViewCell.swift */ = {isa = PBXFileReference; lastKnownFileType = sourcecode.swift; path = RecordTableViewCell.swift; sourceTree = "<group>"; };
		043C1B7C248E25980059C6C5 /* Record.swift */ = {isa = PBXFileReference; lastKnownFileType = sourcecode.swift; name = Record.swift; path = SmashRecords/Controllers/Record.swift; sourceTree = SOURCE_ROOT; };
		043C1B7E248E27440059C6C5 /* UIView+AddBorder.swift */ = {isa = PBXFileReference; lastKnownFileType = sourcecode.swift; name = "UIView+AddBorder.swift"; path = "SmashRecords/Controllers/UIView+AddBorder.swift"; sourceTree = SOURCE_ROOT; };
		043C1B80248F45CF0059C6C5 /* RecordFormViewController.swift */ = {isa = PBXFileReference; lastKnownFileType = sourcecode.swift; name = RecordFormViewController.swift; path = SmashRecords/Views/RecordFormViewController.swift; sourceTree = SOURCE_ROOT; };
		043C1B82248F45E60059C6C5 /* SelectFighterViewController.swift */ = {isa = PBXFileReference; lastKnownFileType = sourcecode.swift; path = SelectFighterViewController.swift; sourceTree = "<group>"; };
		0458732C2491F641006FABF4 /* TabbarViewController.swift */ = {isa = PBXFileReference; lastKnownFileType = sourcecode.swift; path = TabbarViewController.swift; sourceTree = "<group>"; };
		049F86122491A647000F0EC3 /* AnalyzeTableViewCell.swift */ = {isa = PBXFileReference; lastKnownFileType = sourcecode.swift; path = AnalyzeTableViewCell.swift; sourceTree = "<group>"; };
		04A33DD524906192003DBA48 /* PageViewController.swift */ = {isa = PBXFileReference; lastKnownFileType = sourcecode.swift; name = PageViewController.swift; path = SmashRecords/Views/PageViewController.swift; sourceTree = SOURCE_ROOT; };
		04A33DD7249061BE003DBA48 /* TopViewController.swift */ = {isa = PBXFileReference; lastKnownFileType = sourcecode.swift; name = TopViewController.swift; path = SmashRecords/Views/TopViewController.swift; sourceTree = SOURCE_ROOT; };
		04A33DD9249061E1003DBA48 /* AnalyzeOwnViewController.swift */ = {isa = PBXFileReference; lastKnownFileType = sourcecode.swift; path = AnalyzeOwnViewController.swift; sourceTree = "<group>"; };
		04A33DDB249061E9003DBA48 /* AnalyzeOpponentViewController.swift */ = {isa = PBXFileReference; lastKnownFileType = sourcecode.swift; path = AnalyzeOpponentViewController.swift; sourceTree = "<group>"; };
		04A33DDD249061F3003DBA48 /* AnalyzeStageViewController.swift */ = {isa = PBXFileReference; lastKnownFileType = sourcecode.swift; path = AnalyzeStageViewController.swift; sourceTree = "<group>"; };
		04A33DE1249066FD003DBA48 /* AnalyzeByMyFighter.swift */ = {isa = PBXFileReference; lastKnownFileType = sourcecode.swift; path = AnalyzeByMyFighter.swift; sourceTree = "<group>"; };
		04A33DE324906708003DBA48 /* AnalyzeByOpponentFighter.swift */ = {isa = PBXFileReference; lastKnownFileType = sourcecode.swift; path = AnalyzeByOpponentFighter.swift; sourceTree = "<group>"; };
		04A33DE524906723003DBA48 /* AnalyzeByStage.swift */ = {isa = PBXFileReference; lastKnownFileType = sourcecode.swift; path = AnalyzeByStage.swift; sourceTree = "<group>"; };
		04A33DE7249067DB003DBA48 /* Analzye.swift */ = {isa = PBXFileReference; lastKnownFileType = sourcecode.swift; name = Analzye.swift; path = SmashRecords/Controllers/Analzye.swift; sourceTree = SOURCE_ROOT; };
		04B0807B248F48C000C7AA22 /* ToggleButton.swift */ = {isa = PBXFileReference; lastKnownFileType = sourcecode.swift; path = ToggleButton.swift; sourceTree = "<group>"; };
		41E499C1802254A7930DA157 /* Pods_SmashRecords.framework */ = {isa = PBXFileReference; explicitFileType = wrapper.framework; includeInIndex = 0; path = Pods_SmashRecords.framework; sourceTree = BUILT_PRODUCTS_DIR; };
		81BE0B8C1BEDC7CF272001A7 /* Pods-SmashRecords.release.xcconfig */ = {isa = PBXFileReference; includeInIndex = 1; lastKnownFileType = text.xcconfig; name = "Pods-SmashRecords.release.xcconfig"; path = "Target Support Files/Pods-SmashRecords/Pods-SmashRecords.release.xcconfig"; sourceTree = "<group>"; };
		E52273572A58D2A50FC72932 /* Pods-SmashRecords.debug.xcconfig */ = {isa = PBXFileReference; includeInIndex = 1; lastKnownFileType = text.xcconfig; name = "Pods-SmashRecords.debug.xcconfig"; path = "Target Support Files/Pods-SmashRecords/Pods-SmashRecords.debug.xcconfig"; sourceTree = "<group>"; };
/* End PBXFileReference section */

/* Begin PBXFrameworksBuildPhase section */
		04204535248DB9BE00DAED78 /* Frameworks */ = {
			isa = PBXFrameworksBuildPhase;
			buildActionMask = 2147483647;
			files = (
				F61700FD0060FD0C27CC7B60 /* Pods_SmashRecords.framework in Frameworks */,
			);
			runOnlyForDeploymentPostprocessing = 0;
		};
/* End PBXFrameworksBuildPhase section */

/* Begin PBXGroup section */
		0420452F248DB9BE00DAED78 = {
			isa = PBXGroup;
			children = (
				0420453A248DB9BE00DAED78 /* SmashRecords */,
				04204539248DB9BE00DAED78 /* Products */,
				EDB79B43834668C22C4D5A0B /* Pods */,
				4670C297FCF709A912520C78 /* Frameworks */,
			);
			sourceTree = "<group>";
		};
		04204539248DB9BE00DAED78 /* Products */ = {
			isa = PBXGroup;
			children = (
				04204538248DB9BE00DAED78 /* SmashRecords.app */,
			);
			name = Products;
			sourceTree = "<group>";
		};
		0420453A248DB9BE00DAED78 /* SmashRecords */ = {
			isa = PBXGroup;
			children = (
				0420453B248DB9BE00DAED78 /* AppDelegate.swift */,
				0420453D248DB9BE00DAED78 /* SceneDelegate.swift */,
				043C1B71248DDDA10059C6C5 /* Models */,
				043C1B69248DDCCF0059C6C5 /* Views */,
				043C1B6A248DDCD80059C6C5 /* Controllers */,
				04204544248DB9BF00DAED78 /* Assets.xcassets */,
				04204546248DB9BF00DAED78 /* LaunchScreen.storyboard */,
				04204549248DB9BF00DAED78 /* Info.plist */,
			);
			path = SmashRecords;
			sourceTree = "<group>";
		};
		043C1B69248DDCCF0059C6C5 /* Views */ = {
			isa = PBXGroup;
			children = (
				04204541248DB9BE00DAED78 /* Main.storyboard */,
				0458732C2491F641006FABF4 /* TabbarViewController.swift */,
				043C1B7A248E1F9A0059C6C5 /* RecordTableViewCell.swift */,
				049F86122491A647000F0EC3 /* AnalyzeTableViewCell.swift */,
				043C1B6B248DDCFA0059C6C5 /* NoteTableViewCell.swift */,
				043C1B7E248E27440059C6C5 /* UIView+AddBorder.swift */,
			);
			path = Views;
			sourceTree = "<group>";
		};
		043C1B6A248DDCD80059C6C5 /* Controllers */ = {
			isa = PBXGroup;
			children = (
				043C1B78248E1DE00059C6C5 /* ContainerViewController.swift */,
				043C1B76248E1C660059C6C5 /* RecordViewController.swift */,
				043C1B80248F45CF0059C6C5 /* RecordFormViewController.swift */,
				043C1B82248F45E60059C6C5 /* SelectFighterViewController.swift */,
				04A33DD7249061BE003DBA48 /* TopViewController.swift */,
				04A33DD524906192003DBA48 /* PageViewController.swift */,
				04A33DE7249067DB003DBA48 /* Analzye.swift */,
				04A33DD9249061E1003DBA48 /* AnalyzeOwnViewController.swift */,
				04A33DDB249061E9003DBA48 /* AnalyzeOpponentViewController.swift */,
				04A33DDD249061F3003DBA48 /* AnalyzeStageViewController.swift */,
				043C1B6D248DDD580059C6C5 /* NoteViewController.swift */,
				043C1B72248DFF0B0059C6C5 /* TextViewViewController.swift */,
				04B0807B248F48C000C7AA22 /* ToggleButton.swift */,
			);
			path = Controllers;
			sourceTree = "<group>";
		};
		043C1B71248DDDA10059C6C5 /* Models */ = {
			isa = PBXGroup;
			children = (
				043C1B6F248DDD9B0059C6C5 /* Constants.swift */,
				043C1B7C248E25980059C6C5 /* Record.swift */,
				043C1B74248E00B60059C6C5 /* Note.swift */,
				04A33DE1249066FD003DBA48 /* AnalyzeByMyFighter.swift */,
				04A33DE324906708003DBA48 /* AnalyzeByOpponentFighter.swift */,
				04A33DE524906723003DBA48 /* AnalyzeByStage.swift */,
			);
			path = Models;
			sourceTree = "<group>";
		};
		4670C297FCF709A912520C78 /* Frameworks */ = {
			isa = PBXGroup;
			children = (
				41E499C1802254A7930DA157 /* Pods_SmashRecords.framework */,
			);
			name = Frameworks;
			sourceTree = "<group>";
		};
		EDB79B43834668C22C4D5A0B /* Pods */ = {
			isa = PBXGroup;
			children = (
				E52273572A58D2A50FC72932 /* Pods-SmashRecords.debug.xcconfig */,
				81BE0B8C1BEDC7CF272001A7 /* Pods-SmashRecords.release.xcconfig */,
			);
			path = Pods;
			sourceTree = "<group>";
		};
/* End PBXGroup section */

/* Begin PBXNativeTarget section */
		04204537248DB9BE00DAED78 /* SmashRecords */ = {
			isa = PBXNativeTarget;
			buildConfigurationList = 0420454C248DB9BF00DAED78 /* Build configuration list for PBXNativeTarget "SmashRecords" */;
			buildPhases = (
				EEC8872FE374F86799550122 /* [CP] Check Pods Manifest.lock */,
				04204534248DB9BE00DAED78 /* Sources */,
				04204535248DB9BE00DAED78 /* Frameworks */,
				04204536248DB9BE00DAED78 /* Resources */,
				1BE3AA9E88B6700667F1AC9E /* [CP] Embed Pods Frameworks */,
			);
			buildRules = (
			);
			dependencies = (
			);
			name = SmashRecords;
			productName = SmashRecords;
			productReference = 04204538248DB9BE00DAED78 /* SmashRecords.app */;
			productType = "com.apple.product-type.application";
		};
/* End PBXNativeTarget section */

/* Begin PBXProject section */
		04204530248DB9BE00DAED78 /* Project object */ = {
			isa = PBXProject;
			attributes = {
				LastSwiftUpdateCheck = 1150;
				LastUpgradeCheck = 1150;
				ORGANIZATIONNAME = "村尾慶伸";
				TargetAttributes = {
					04204537248DB9BE00DAED78 = {
						CreatedOnToolsVersion = 11.5;
					};
				};
			};
			buildConfigurationList = 04204533248DB9BE00DAED78 /* Build configuration list for PBXProject "SmashRecords" */;
			compatibilityVersion = "Xcode 9.3";
			developmentRegion = en;
			hasScannedForEncodings = 0;
			knownRegions = (
				en,
				Base,
			);
			mainGroup = 0420452F248DB9BE00DAED78;
			productRefGroup = 04204539248DB9BE00DAED78 /* Products */;
			projectDirPath = "";
			projectRoot = "";
			targets = (
				04204537248DB9BE00DAED78 /* SmashRecords */,
			);
		};
/* End PBXProject section */

/* Begin PBXResourcesBuildPhase section */
		04204536248DB9BE00DAED78 /* Resources */ = {
			isa = PBXResourcesBuildPhase;
			buildActionMask = 2147483647;
			files = (
				04204548248DB9BF00DAED78 /* LaunchScreen.storyboard in Resources */,
				04204545248DB9BF00DAED78 /* Assets.xcassets in Resources */,
				04204543248DB9BE00DAED78 /* Main.storyboard in Resources */,
			);
			runOnlyForDeploymentPostprocessing = 0;
		};
/* End PBXResourcesBuildPhase section */

/* Begin PBXShellScriptBuildPhase section */
		1BE3AA9E88B6700667F1AC9E /* [CP] Embed Pods Frameworks */ = {
			isa = PBXShellScriptBuildPhase;
			buildActionMask = 2147483647;
			files = (
			);
			inputFileListPaths = (
				"${PODS_ROOT}/Target Support Files/Pods-SmashRecords/Pods-SmashRecords-frameworks-${CONFIGURATION}-input-files.xcfilelist",
			);
			name = "[CP] Embed Pods Frameworks";
			outputFileListPaths = (
				"${PODS_ROOT}/Target Support Files/Pods-SmashRecords/Pods-SmashRecords-frameworks-${CONFIGURATION}-output-files.xcfilelist",
			);
			runOnlyForDeploymentPostprocessing = 0;
			shellPath = /bin/sh;
			shellScript = "\"${PODS_ROOT}/Target Support Files/Pods-SmashRecords/Pods-SmashRecords-frameworks.sh\"\n";
			showEnvVarsInLog = 0;
		};
		EEC8872FE374F86799550122 /* [CP] Check Pods Manifest.lock */ = {
			isa = PBXShellScriptBuildPhase;
			buildActionMask = 2147483647;
			files = (
			);
			inputFileListPaths = (
			);
			inputPaths = (
				"${PODS_PODFILE_DIR_PATH}/Podfile.lock",
				"${PODS_ROOT}/Manifest.lock",
			);
			name = "[CP] Check Pods Manifest.lock";
			outputFileListPaths = (
			);
			outputPaths = (
				"$(DERIVED_FILE_DIR)/Pods-SmashRecords-checkManifestLockResult.txt",
			);
			runOnlyForDeploymentPostprocessing = 0;
			shellPath = /bin/sh;
			shellScript = "diff \"${PODS_PODFILE_DIR_PATH}/Podfile.lock\" \"${PODS_ROOT}/Manifest.lock\" > /dev/null\nif [ $? != 0 ] ; then\n    # print error to STDERR\n    echo \"error: The sandbox is not in sync with the Podfile.lock. Run 'pod install' or update your CocoaPods installation.\" >&2\n    exit 1\nfi\n# This output is used by Xcode 'outputs' to avoid re-running this script phase.\necho \"SUCCESS\" > \"${SCRIPT_OUTPUT_FILE_0}\"\n";
			showEnvVarsInLog = 0;
		};
/* End PBXShellScriptBuildPhase section */

/* Begin PBXSourcesBuildPhase section */
		04204534248DB9BE00DAED78 /* Sources */ = {
			isa = PBXSourcesBuildPhase;
			buildActionMask = 2147483647;
			files = (
				043C1B70248DDD9B0059C6C5 /* Constants.swift in Sources */,
				04B0807C248F48C000C7AA22 /* ToggleButton.swift in Sources */,
				04A33DE624906723003DBA48 /* AnalyzeByStage.swift in Sources */,
				043C1B75248E00B60059C6C5 /* Note.swift in Sources */,
				043C1B6C248DDCFA0059C6C5 /* NoteTableViewCell.swift in Sources */,
				049F86132491A647000F0EC3 /* AnalyzeTableViewCell.swift in Sources */,
				043C1B77248E1C660059C6C5 /* RecordViewController.swift in Sources */,
				043C1B81248F45CF0059C6C5 /* RecordFormViewController.swift in Sources */,
				0420453C248DB9BE00DAED78 /* AppDelegate.swift in Sources */,
				043C1B6E248DDD580059C6C5 /* NoteViewController.swift in Sources */,
				043C1B7D248E25980059C6C5 /* Record.swift in Sources */,
				043C1B83248F45E60059C6C5 /* SelectFighterViewController.swift in Sources */,
				043C1B73248DFF0B0059C6C5 /* TextViewViewController.swift in Sources */,
				043C1B7F248E27440059C6C5 /* UIView+AddBorder.swift in Sources */,
				04A33DD8249061BE003DBA48 /* TopViewController.swift in Sources */,
				043C1B79248E1DE00059C6C5 /* ContainerViewController.swift in Sources */,
				0458732D2491F641006FABF4 /* TabbarViewController.swift in Sources */,
				04A33DDA249061E1003DBA48 /* AnalyzeOwnViewController.swift in Sources */,
				043C1B7B248E1F9A0059C6C5 /* RecordTableViewCell.swift in Sources */,
				04A33DE8249067DB003DBA48 /* Analzye.swift in Sources */,
				04A33DE424906708003DBA48 /* AnalyzeByOpponentFighter.swift in Sources */,
				04A33DDE249061F3003DBA48 /* AnalyzeStageViewController.swift in Sources */,
				0420453E248DB9BE00DAED78 /* SceneDelegate.swift in Sources */,
				04A33DDC249061E9003DBA48 /* AnalyzeOpponentViewController.swift in Sources */,
				04A33DE2249066FD003DBA48 /* AnalyzeByMyFighter.swift in Sources */,
				04A33DD624906192003DBA48 /* PageViewController.swift in Sources */,
			);
			runOnlyForDeploymentPostprocessing = 0;
		};
/* End PBXSourcesBuildPhase section */

/* Begin PBXVariantGroup section */
		04204541248DB9BE00DAED78 /* Main.storyboard */ = {
			isa = PBXVariantGroup;
			children = (
				04204542248DB9BE00DAED78 /* Base */,
			);
			name = Main.storyboard;
			sourceTree = "<group>";
		};
		04204546248DB9BF00DAED78 /* LaunchScreen.storyboard */ = {
			isa = PBXVariantGroup;
			children = (
				04204547248DB9BF00DAED78 /* Base */,
			);
			name = LaunchScreen.storyboard;
			sourceTree = "<group>";
		};
/* End PBXVariantGroup section */

/* Begin XCBuildConfiguration section */
		0420454A248DB9BF00DAED78 /* Debug */ = {
			isa = XCBuildConfiguration;
			buildSettings = {
				ALWAYS_SEARCH_USER_PATHS = NO;
				CLANG_ANALYZER_NONNULL = YES;
				CLANG_ANALYZER_NUMBER_OBJECT_CONVERSION = YES_AGGRESSIVE;
				CLANG_CXX_LANGUAGE_STANDARD = "gnu++14";
				CLANG_CXX_LIBRARY = "libc++";
				CLANG_ENABLE_MODULES = YES;
				CLANG_ENABLE_OBJC_ARC = YES;
				CLANG_ENABLE_OBJC_WEAK = YES;
				CLANG_WARN_BLOCK_CAPTURE_AUTORELEASING = YES;
				CLANG_WARN_BOOL_CONVERSION = YES;
				CLANG_WARN_COMMA = YES;
				CLANG_WARN_CONSTANT_CONVERSION = YES;
				CLANG_WARN_DEPRECATED_OBJC_IMPLEMENTATIONS = YES;
				CLANG_WARN_DIRECT_OBJC_ISA_USAGE = YES_ERROR;
				CLANG_WARN_DOCUMENTATION_COMMENTS = YES;
				CLANG_WARN_EMPTY_BODY = YES;
				CLANG_WARN_ENUM_CONVERSION = YES;
				CLANG_WARN_INFINITE_RECURSION = YES;
				CLANG_WARN_INT_CONVERSION = YES;
				CLANG_WARN_NON_LITERAL_NULL_CONVERSION = YES;
				CLANG_WARN_OBJC_IMPLICIT_RETAIN_SELF = YES;
				CLANG_WARN_OBJC_LITERAL_CONVERSION = YES;
				CLANG_WARN_OBJC_ROOT_CLASS = YES_ERROR;
				CLANG_WARN_RANGE_LOOP_ANALYSIS = YES;
				CLANG_WARN_STRICT_PROTOTYPES = YES;
				CLANG_WARN_SUSPICIOUS_MOVE = YES;
				CLANG_WARN_UNGUARDED_AVAILABILITY = YES_AGGRESSIVE;
				CLANG_WARN_UNREACHABLE_CODE = YES;
				CLANG_WARN__DUPLICATE_METHOD_MATCH = YES;
				COPY_PHASE_STRIP = NO;
				DEBUG_INFORMATION_FORMAT = dwarf;
				ENABLE_STRICT_OBJC_MSGSEND = YES;
				ENABLE_TESTABILITY = YES;
				GCC_C_LANGUAGE_STANDARD = gnu11;
				GCC_DYNAMIC_NO_PIC = NO;
				GCC_NO_COMMON_BLOCKS = YES;
				GCC_OPTIMIZATION_LEVEL = 0;
				GCC_PREPROCESSOR_DEFINITIONS = (
					"DEBUG=1",
					"$(inherited)",
				);
				GCC_WARN_64_TO_32_BIT_CONVERSION = YES;
				GCC_WARN_ABOUT_RETURN_TYPE = YES_ERROR;
				GCC_WARN_UNDECLARED_SELECTOR = YES;
				GCC_WARN_UNINITIALIZED_AUTOS = YES_AGGRESSIVE;
				GCC_WARN_UNUSED_FUNCTION = YES;
				GCC_WARN_UNUSED_VARIABLE = YES;
				IPHONEOS_DEPLOYMENT_TARGET = 13.5;
				MTL_ENABLE_DEBUG_INFO = INCLUDE_SOURCE;
				MTL_FAST_MATH = YES;
				ONLY_ACTIVE_ARCH = YES;
				SDKROOT = iphoneos;
				SWIFT_ACTIVE_COMPILATION_CONDITIONS = DEBUG;
				SWIFT_OPTIMIZATION_LEVEL = "-Onone";
			};
			name = Debug;
		};
		0420454B248DB9BF00DAED78 /* Release */ = {
			isa = XCBuildConfiguration;
			buildSettings = {
				ALWAYS_SEARCH_USER_PATHS = NO;
				CLANG_ANALYZER_NONNULL = YES;
				CLANG_ANALYZER_NUMBER_OBJECT_CONVERSION = YES_AGGRESSIVE;
				CLANG_CXX_LANGUAGE_STANDARD = "gnu++14";
				CLANG_CXX_LIBRARY = "libc++";
				CLANG_ENABLE_MODULES = YES;
				CLANG_ENABLE_OBJC_ARC = YES;
				CLANG_ENABLE_OBJC_WEAK = YES;
				CLANG_WARN_BLOCK_CAPTURE_AUTORELEASING = YES;
				CLANG_WARN_BOOL_CONVERSION = YES;
				CLANG_WARN_COMMA = YES;
				CLANG_WARN_CONSTANT_CONVERSION = YES;
				CLANG_WARN_DEPRECATED_OBJC_IMPLEMENTATIONS = YES;
				CLANG_WARN_DIRECT_OBJC_ISA_USAGE = YES_ERROR;
				CLANG_WARN_DOCUMENTATION_COMMENTS = YES;
				CLANG_WARN_EMPTY_BODY = YES;
				CLANG_WARN_ENUM_CONVERSION = YES;
				CLANG_WARN_INFINITE_RECURSION = YES;
				CLANG_WARN_INT_CONVERSION = YES;
				CLANG_WARN_NON_LITERAL_NULL_CONVERSION = YES;
				CLANG_WARN_OBJC_IMPLICIT_RETAIN_SELF = YES;
				CLANG_WARN_OBJC_LITERAL_CONVERSION = YES;
				CLANG_WARN_OBJC_ROOT_CLASS = YES_ERROR;
				CLANG_WARN_RANGE_LOOP_ANALYSIS = YES;
				CLANG_WARN_STRICT_PROTOTYPES = YES;
				CLANG_WARN_SUSPICIOUS_MOVE = YES;
				CLANG_WARN_UNGUARDED_AVAILABILITY = YES_AGGRESSIVE;
				CLANG_WARN_UNREACHABLE_CODE = YES;
				CLANG_WARN__DUPLICATE_METHOD_MATCH = YES;
				COPY_PHASE_STRIP = NO;
				DEBUG_INFORMATION_FORMAT = "dwarf-with-dsym";
				ENABLE_NS_ASSERTIONS = NO;
				ENABLE_STRICT_OBJC_MSGSEND = YES;
				GCC_C_LANGUAGE_STANDARD = gnu11;
				GCC_NO_COMMON_BLOCKS = YES;
				GCC_WARN_64_TO_32_BIT_CONVERSION = YES;
				GCC_WARN_ABOUT_RETURN_TYPE = YES_ERROR;
				GCC_WARN_UNDECLARED_SELECTOR = YES;
				GCC_WARN_UNINITIALIZED_AUTOS = YES_AGGRESSIVE;
				GCC_WARN_UNUSED_FUNCTION = YES;
				GCC_WARN_UNUSED_VARIABLE = YES;
				IPHONEOS_DEPLOYMENT_TARGET = 13.5;
				MTL_ENABLE_DEBUG_INFO = NO;
				MTL_FAST_MATH = YES;
				SDKROOT = iphoneos;
				SWIFT_COMPILATION_MODE = wholemodule;
				SWIFT_OPTIMIZATION_LEVEL = "-O";
				VALIDATE_PRODUCT = YES;
			};
			name = Release;
		};
		0420454D248DB9BF00DAED78 /* Debug */ = {
			isa = XCBuildConfiguration;
			baseConfigurationReference = E52273572A58D2A50FC72932 /* Pods-SmashRecords.debug.xcconfig */;
			buildSettings = {
				ASSETCATALOG_COMPILER_APPICON_NAME = AppIcon;
				CODE_SIGN_STYLE = Automatic;
				DEVELOPMENT_TEAM = 479D88RPDD;
				INFOPLIST_FILE = SmashRecords/Info.plist;
				LD_RUNPATH_SEARCH_PATHS = (
					"$(inherited)",
					"@executable_path/Frameworks",
				);
				PRODUCT_BUNDLE_IDENTIFIER = com.yoshinobu.SmashRecords;
				PRODUCT_NAME = "$(TARGET_NAME)";
				SWIFT_VERSION = 5.0;
				TARGETED_DEVICE_FAMILY = 1;
			};
			name = Debug;
		};
		0420454E248DB9BF00DAED78 /* Release */ = {
			isa = XCBuildConfiguration;
			baseConfigurationReference = 81BE0B8C1BEDC7CF272001A7 /* Pods-SmashRecords.release.xcconfig */;
			buildSettings = {
				ASSETCATALOG_COMPILER_APPICON_NAME = AppIcon;
				CODE_SIGN_STYLE = Automatic;
				DEVELOPMENT_TEAM = 479D88RPDD;
				INFOPLIST_FILE = SmashRecords/Info.plist;
				LD_RUNPATH_SEARCH_PATHS = (
					"$(inherited)",
					"@executable_path/Frameworks",
				);
				PRODUCT_BUNDLE_IDENTIFIER = com.yoshinobu.SmashRecords;
				PRODUCT_NAME = "$(TARGET_NAME)";
				SWIFT_VERSION = 5.0;
				TARGETED_DEVICE_FAMILY = 1;
			};
			name = Release;
		};
/* End XCBuildConfiguration section */

/* Begin XCConfigurationList section */
		04204533248DB9BE00DAED78 /* Build configuration list for PBXProject "SmashRecords" */ = {
			isa = XCConfigurationList;
			buildConfigurations = (
				0420454A248DB9BF00DAED78 /* Debug */,
				0420454B248DB9BF00DAED78 /* Release */,
			);
			defaultConfigurationIsVisible = 0;
			defaultConfigurationName = Release;
		};
		0420454C248DB9BF00DAED78 /* Build configuration list for PBXNativeTarget "SmashRecords" */ = {
			isa = XCConfigurationList;
			buildConfigurations = (
				0420454D248DB9BF00DAED78 /* Debug */,
				0420454E248DB9BF00DAED78 /* Release */,
			);
			defaultConfigurationIsVisible = 0;
			defaultConfigurationName = Release;
		};
/* End XCConfigurationList section */
	};
	rootObject = 04204530248DB9BE00DAED78 /* Project object */;
}
